
Microsoft Visual Studio Solution File, Format Version 12.00
# Visual Studio 15
VisualStudioVersion = 15.0.27004.2009
MinimumVisualStudioVersion = 10.0.40219.1
Project("{9A19103F-16F7-4668-BE54-9A1E7A4F7556}") = "WxShop.Manager", "WxShop.Manager\WxShop.Manager.csproj", "{C2FCA640-9F33-4503-9072-FC5EB9961DD6}"
EndProject
Project("{9A19103F-16F7-4668-BE54-9A1E7A4F7556}") = "WxShop.Fronted", "WxShop.Fronted\WxShop.Fronted.csproj", "{416ADC86-FF28-4D78-B73B-7F95F10B480E}"
EndProject
Project("{9A19103F-16F7-4668-BE54-9A1E7A4F7556}") = "WxShop.DBManager", "WxShop.DBManager\WxShop.DBManager.csproj", "{B13A2E9A-BEAD-403F-83DE-7B765004C53A}"
EndProject
Project("{9A19103F-16F7-4668-BE54-9A1E7A4F7556}") = "WxShop.Model", "WxShop.Model\WxShop.Model.csproj", "{370A188C-4CB5-4969-B851-6BA90BCF1774}"
EndProject
Project("{FAE04EC0-301F-11D3-BF4B-00C04F79EFBC}") = "WxShop.Service", "WxShop.Service\WxShop.Service.csproj", "{0CBE97A9-B262-4A6C-9FDA-E2B9BCA3E4D8}"
EndProject
Global
	GlobalSection(SolutionConfigurationPlatforms) = preSolution
		Debug|Any CPU = Debug|Any CPU
		Release|Any CPU = Release|Any CPU
	EndGlobalSection
	GlobalSection(ProjectConfigurationPlatforms) = postSolution
		{C2FCA640-9F33-4503-9072-FC5EB9961DD6}.Debug|Any CPU.ActiveCfg = Debug|Any CPU
		{C2FCA640-9F33-4503-9072-FC5EB9961DD6}.Debug|Any CPU.Build.0 = Debug|Any CPU
		{C2FCA640-9F33-4503-9072-FC5EB9961DD6}.Release|Any CPU.ActiveCfg = Release|Any CPU
		{C2FCA640-9F33-4503-9072-FC5EB9961DD6}.Release|Any CPU.Build.0 = Release|Any CPU
		{416ADC86-FF28-4D78-B73B-7F95F10B480E}.Debug|Any CPU.ActiveCfg = Debug|Any CPU
		{416ADC86-FF28-4D78-B73B-7F95F10B480E}.Debug|Any CPU.Build.0 = Debug|Any CPU
		{416ADC86-FF28-4D78-B73B-7F95F10B480E}.Release|Any CPU.ActiveCfg = Release|Any CPU
		{416ADC86-FF28-4D78-B73B-7F95F10B480E}.Release|Any CPU.Build.0 = Release|Any CPU
		{B13A2E9A-BEAD-403F-83DE-7B765004C53A}.Debug|Any CPU.ActiveCfg = Debug|Any CPU
		{B13A2E9A-BEAD-403F-83DE-7B765004C53A}.Debug|Any CPU.Build.0 = Debug|Any CPU
		{B13A2E9A-BEAD-403F-83DE-7B765004C53A}.Release|Any CPU.ActiveCfg = Release|Any CPU
		{B13A2E9A-BEAD-403F-83DE-7B765004C53A}.Release|Any CPU.Build.0 = Release|Any CPU
		{370A188C-4CB5-4969-B851-6BA90BCF1774}.Debug|Any CPU.ActiveCfg = Debug|Any CPU
		{370A188C-4CB5-4969-B851-6BA90BCF1774}.Debug|Any CPU.Build.0 = Debug|Any CPU
		{370A188C-4CB5-4969-B851-6BA90BCF1774}.Release|Any CPU.ActiveCfg = Release|Any CPU
		{370A188C-4CB5-4969-B851-6BA90BCF1774}.Release|Any CPU.Build.0 = Release|Any CPU
		{0CBE97A9-B262-4A6C-9FDA-E2B9BCA3E4D8}.Debug|Any CPU.ActiveCfg = Debug|Any CPU
		{0CBE97A9-B262-4A6C-9FDA-E2B9BCA3E4D8}.Debug|Any CPU.Build.0 = Debug|Any CPU
		{0CBE97A9-B262-4A6C-9FDA-E2B9BCA3E4D8}.Release|Any CPU.ActiveCfg = Release|Any CPU
		{0CBE97A9-B262-4A6C-9FDA-E2B9BCA3E4D8}.Release|Any CPU.Build.0 = Release|Any CPU
	EndGlobalSection
	GlobalSection(SolutionProperties) = preSolution
		HideSolutionNode = FALSE
	EndGlobalSection
	GlobalSection(ExtensibilityGlobals) = postSolution
		SolutionGuid = {0D86FD42-D27A-49DB-B92A-2837F12535FE}
	EndGlobalSection
EndGlobal
