
Microsoft Visual Studio Solution File, Format Version 12.00
# Visual Studio Version 16
VisualStudioVersion = 16.0.29326.143
MinimumVisualStudioVersion = 10.0.40219.1
Project("{FAE04EC0-301F-11D3-BF4B-00C04F79EFBC}") = "GoodMoodSystem", "GoodMoodSystem\GoodMoodSystem.csproj", "{276EDA1E-B2B3-4176-B2BD-FF13960A5321}"
EndProject
Project("{E24C65DC-7377-472B-9ABA-BC803B73C61A}") = "LearnLife", "LearnLife\", "{CB9F7D27-6000-4285-AD7A-BB97F001C995}"
	ProjectSection(WebsiteProperties) = preProject
		TargetFrameworkMoniker = ".NETFramework,Version%3Dv4.6"
		Debug.AspNetCompiler.VirtualPath = "/localhost_4300"
		Debug.AspNetCompiler.PhysicalPath = "LearnLife\"
		Debug.AspNetCompiler.TargetPath = "PrecompiledWeb\localhost_4300\"
		Debug.AspNetCompiler.Updateable = "true"
		Debug.AspNetCompiler.ForceOverwrite = "true"
		Debug.AspNetCompiler.FixedNames = "false"
		Debug.AspNetCompiler.Debug = "True"
		Release.AspNetCompiler.VirtualPath = "/localhost_4300"
		Release.AspNetCompiler.PhysicalPath = "LearnLife\"
		Release.AspNetCompiler.TargetPath = "PrecompiledWeb\localhost_4300\"
		Release.AspNetCompiler.Updateable = "true"
		Release.AspNetCompiler.ForceOverwrite = "true"
		Release.AspNetCompiler.FixedNames = "false"
		Release.AspNetCompiler.Debug = "False"
		VWDPort = "4300"
		SlnRelativePath = "LearnLife\"
	EndProjectSection
EndProject
Global
	GlobalSection(SolutionConfigurationPlatforms) = preSolution
		Debug|Any CPU = Debug|Any CPU
		Debug|x86 = Debug|x86
		Release|Any CPU = Release|Any CPU
		Release|x86 = Release|x86
	EndGlobalSection
	GlobalSection(ProjectConfigurationPlatforms) = postSolution
		{276EDA1E-B2B3-4176-B2BD-FF13960A5321}.Debug|Any CPU.ActiveCfg = Debug|Any CPU
		{276EDA1E-B2B3-4176-B2BD-FF13960A5321}.Debug|Any CPU.Build.0 = Debug|Any CPU
		{276EDA1E-B2B3-4176-B2BD-FF13960A5321}.Debug|x86.ActiveCfg = Debug|x86
		{276EDA1E-B2B3-4176-B2BD-FF13960A5321}.Debug|x86.Build.0 = Debug|x86
		{276EDA1E-B2B3-4176-B2BD-FF13960A5321}.Release|Any CPU.ActiveCfg = Release|Any CPU
		{276EDA1E-B2B3-4176-B2BD-FF13960A5321}.Release|Any CPU.Build.0 = Release|Any CPU
		{276EDA1E-B2B3-4176-B2BD-FF13960A5321}.Release|x86.ActiveCfg = Release|x86
		{276EDA1E-B2B3-4176-B2BD-FF13960A5321}.Release|x86.Build.0 = Release|x86
		{CB9F7D27-6000-4285-AD7A-BB97F001C995}.Debug|Any CPU.ActiveCfg = Debug|Any CPU
		{CB9F7D27-6000-4285-AD7A-BB97F001C995}.Debug|Any CPU.Build.0 = Debug|Any CPU
		{CB9F7D27-6000-4285-AD7A-BB97F001C995}.Debug|x86.ActiveCfg = Debug|Any CPU
		{CB9F7D27-6000-4285-AD7A-BB97F001C995}.Debug|x86.Build.0 = Debug|Any CPU
		{CB9F7D27-6000-4285-AD7A-BB97F001C995}.Release|Any CPU.ActiveCfg = Debug|Any CPU
		{CB9F7D27-6000-4285-AD7A-BB97F001C995}.Release|Any CPU.Build.0 = Debug|Any CPU
		{CB9F7D27-6000-4285-AD7A-BB97F001C995}.Release|x86.ActiveCfg = Debug|Any CPU
		{CB9F7D27-6000-4285-AD7A-BB97F001C995}.Release|x86.Build.0 = Debug|Any CPU
	EndGlobalSection
	GlobalSection(SolutionProperties) = preSolution
		HideSolutionNode = FALSE
	EndGlobalSection
	GlobalSection(ExtensibilityGlobals) = postSolution
		SolutionGuid = {876D76D6-FE8D-4A38-ABFB-1D26F503AFC8}
	EndGlobalSection
	GlobalSection(SubversionScc) = preSolution
		Svn-Managed = True
		Manager = AnkhSVN - Subversion Support for Visual Studio
	EndGlobalSection
EndGlobal
