
Microsoft Visual Studio Solution File, Format Version 12.00
# Visual Studio Version 16
VisualStudioVersion = 16.0.29509.3
MinimumVisualStudioVersion = 10.0.40219.1
Project("{FAE04EC0-301F-11D3-BF4B-00C04F79EFBC}") = "Bow.Enter.UWP", "Bow.Enter\Bow.Enter.UWP\Bow.Enter.UWP.csproj", "{841DC8BE-8D9A-4E01-AC49-A94954AFA07B}"
EndProject
Project("{FAE04EC0-301F-11D3-BF4B-00C04F79EFBC}") = "Bow.Enter.Android", "Bow.Enter\Bow.Enter.Android\Bow.Enter.Android.csproj", "{02CD7C49-910B-462C-8766-548ABE8C1EC8}"
EndProject
Project("{FAE04EC0-301F-11D3-BF4B-00C04F79EFBC}") = "Bow.Enter.iOS", "Bow.Enter\Bow.Enter.iOS\Bow.Enter.iOS.csproj", "{9C9BB331-D200-4545-9E3D-26B7095B0A7E}"
EndProject
Project("{9A19103F-16F7-4668-BE54-9A1E7A4F7556}") = "Bow.Enter", "Bow.Enter\Bow.Enter\Bow.Enter.csproj", "{5D3D19B2-67F0-4191-866D-7A54DE67C29F}"
EndProject
Project("{2150E333-8FDC-42A3-9474-1A3956D46DE8}") = "Solution Items", "Solution Items", "{71FE03DA-642A-4836-8ECE-24BEA29FF36B}"
	ProjectSection(SolutionItems) = preProject
		Bow.Enter\ReadMe.md = Bow.Enter\ReadMe.md
	EndProjectSection
EndProject
Global
	GlobalSection(SolutionConfigurationPlatforms) = preSolution
		Debug|Any CPU = Debug|Any CPU
		Debug|ARM = Debug|ARM
		Debug|iPhone = Debug|iPhone
		Debug|iPhoneSimulator = Debug|iPhoneSimulator
		Debug|x64 = Debug|x64
		Debug|x86 = Debug|x86
		Release|Any CPU = Release|Any CPU
		Release|ARM = Release|ARM
		Release|iPhone = Release|iPhone
		Release|iPhoneSimulator = Release|iPhoneSimulator
		Release|x64 = Release|x64
		Release|x86 = Release|x86
	EndGlobalSection
	GlobalSection(ProjectConfigurationPlatforms) = postSolution
		{841DC8BE-8D9A-4E01-AC49-A94954AFA07B}.Debug|Any CPU.ActiveCfg = Debug|x86
		{841DC8BE-8D9A-4E01-AC49-A94954AFA07B}.Debug|Any CPU.Build.0 = Debug|x86
		{841DC8BE-8D9A-4E01-AC49-A94954AFA07B}.Debug|Any CPU.Deploy.0 = Debug|x86
		{841DC8BE-8D9A-4E01-AC49-A94954AFA07B}.Debug|ARM.ActiveCfg = Debug|ARM
		{841DC8BE-8D9A-4E01-AC49-A94954AFA07B}.Debug|ARM.Build.0 = Debug|ARM
		{841DC8BE-8D9A-4E01-AC49-A94954AFA07B}.Debug|ARM.Deploy.0 = Debug|ARM
		{841DC8BE-8D9A-4E01-AC49-A94954AFA07B}.Debug|iPhone.ActiveCfg = Debug|x86
		{841DC8BE-8D9A-4E01-AC49-A94954AFA07B}.Debug|iPhone.Build.0 = Debug|x86
		{841DC8BE-8D9A-4E01-AC49-A94954AFA07B}.Debug|iPhone.Deploy.0 = Debug|x86
		{841DC8BE-8D9A-4E01-AC49-A94954AFA07B}.Debug|iPhoneSimulator.ActiveCfg = Debug|x86
		{841DC8BE-8D9A-4E01-AC49-A94954AFA07B}.Debug|iPhoneSimulator.Build.0 = Debug|x86
		{841DC8BE-8D9A-4E01-AC49-A94954AFA07B}.Debug|iPhoneSimulator.Deploy.0 = Debug|x86
		{841DC8BE-8D9A-4E01-AC49-A94954AFA07B}.Debug|x64.ActiveCfg = Debug|x64
		{841DC8BE-8D9A-4E01-AC49-A94954AFA07B}.Debug|x64.Build.0 = Debug|x64
		{841DC8BE-8D9A-4E01-AC49-A94954AFA07B}.Debug|x64.Deploy.0 = Debug|x64
		{841DC8BE-8D9A-4E01-AC49-A94954AFA07B}.Debug|x86.ActiveCfg = Debug|x86
		{841DC8BE-8D9A-4E01-AC49-A94954AFA07B}.Debug|x86.Build.0 = Debug|x86
		{841DC8BE-8D9A-4E01-AC49-A94954AFA07B}.Debug|x86.Deploy.0 = Debug|x86
		{841DC8BE-8D9A-4E01-AC49-A94954AFA07B}.Release|Any CPU.ActiveCfg = Release|x86
		{841DC8BE-8D9A-4E01-AC49-A94954AFA07B}.Release|Any CPU.Build.0 = Release|x86
		{841DC8BE-8D9A-4E01-AC49-A94954AFA07B}.Release|Any CPU.Deploy.0 = Release|x86
		{841DC8BE-8D9A-4E01-AC49-A94954AFA07B}.Release|ARM.ActiveCfg = Release|ARM
		{841DC8BE-8D9A-4E01-AC49-A94954AFA07B}.Release|ARM.Build.0 = Release|ARM
		{841DC8BE-8D9A-4E01-AC49-A94954AFA07B}.Release|ARM.Deploy.0 = Release|ARM
		{841DC8BE-8D9A-4E01-AC49-A94954AFA07B}.Release|iPhone.ActiveCfg = Release|x86
		{841DC8BE-8D9A-4E01-AC49-A94954AFA07B}.Release|iPhone.Build.0 = Release|x86
		{841DC8BE-8D9A-4E01-AC49-A94954AFA07B}.Release|iPhone.Deploy.0 = Release|x86
		{841DC8BE-8D9A-4E01-AC49-A94954AFA07B}.Release|iPhoneSimulator.ActiveCfg = Release|x86
		{841DC8BE-8D9A-4E01-AC49-A94954AFA07B}.Release|iPhoneSimulator.Build.0 = Release|x86
		{841DC8BE-8D9A-4E01-AC49-A94954AFA07B}.Release|iPhoneSimulator.Deploy.0 = Release|x86
		{841DC8BE-8D9A-4E01-AC49-A94954AFA07B}.Release|x64.ActiveCfg = Release|x64
		{841DC8BE-8D9A-4E01-AC49-A94954AFA07B}.Release|x64.Build.0 = Release|x64
		{841DC8BE-8D9A-4E01-AC49-A94954AFA07B}.Release|x64.Deploy.0 = Release|x64
		{841DC8BE-8D9A-4E01-AC49-A94954AFA07B}.Release|x86.ActiveCfg = Release|x86
		{841DC8BE-8D9A-4E01-AC49-A94954AFA07B}.Release|x86.Build.0 = Release|x86
		{841DC8BE-8D9A-4E01-AC49-A94954AFA07B}.Release|x86.Deploy.0 = Release|x86
		{02CD7C49-910B-462C-8766-548ABE8C1EC8}.Debug|Any CPU.ActiveCfg = Debug|Any CPU
		{02CD7C49-910B-462C-8766-548ABE8C1EC8}.Debug|Any CPU.Build.0 = Debug|Any CPU
		{02CD7C49-910B-462C-8766-548ABE8C1EC8}.Debug|Any CPU.Deploy.0 = Debug|Any CPU
		{02CD7C49-910B-462C-8766-548ABE8C1EC8}.Debug|ARM.ActiveCfg = Debug|Any CPU
		{02CD7C49-910B-462C-8766-548ABE8C1EC8}.Debug|ARM.Build.0 = Debug|Any CPU
		{02CD7C49-910B-462C-8766-548ABE8C1EC8}.Debug|ARM.Deploy.0 = Debug|Any CPU
		{02CD7C49-910B-462C-8766-548ABE8C1EC8}.Debug|iPhone.ActiveCfg = Debug|Any CPU
		{02CD7C49-910B-462C-8766-548ABE8C1EC8}.Debug|iPhone.Build.0 = Debug|Any CPU
		{02CD7C49-910B-462C-8766-548ABE8C1EC8}.Debug|iPhone.Deploy.0 = Debug|Any CPU
		{02CD7C49-910B-462C-8766-548ABE8C1EC8}.Debug|iPhoneSimulator.ActiveCfg = Debug|Any CPU
		{02CD7C49-910B-462C-8766-548ABE8C1EC8}.Debug|iPhoneSimulator.Build.0 = Debug|Any CPU
		{02CD7C49-910B-462C-8766-548ABE8C1EC8}.Debug|iPhoneSimulator.Deploy.0 = Debug|Any CPU
		{02CD7C49-910B-462C-8766-548ABE8C1EC8}.Debug|x64.ActiveCfg = Debug|Any CPU
		{02CD7C49-910B-462C-8766-548ABE8C1EC8}.Debug|x64.Build.0 = Debug|Any CPU
		{02CD7C49-910B-462C-8766-548ABE8C1EC8}.Debug|x64.Deploy.0 = Debug|Any CPU
		{02CD7C49-910B-462C-8766-548ABE8C1EC8}.Debug|x86.ActiveCfg = Debug|Any CPU
		{02CD7C49-910B-462C-8766-548ABE8C1EC8}.Debug|x86.Build.0 = Debug|Any CPU
		{02CD7C49-910B-462C-8766-548ABE8C1EC8}.Debug|x86.Deploy.0 = Debug|Any CPU
		{02CD7C49-910B-462C-8766-548ABE8C1EC8}.Release|Any CPU.ActiveCfg = Release|Any CPU
		{02CD7C49-910B-462C-8766-548ABE8C1EC8}.Release|Any CPU.Build.0 = Release|Any CPU
		{02CD7C49-910B-462C-8766-548ABE8C1EC8}.Release|Any CPU.Deploy.0 = Release|Any CPU
		{02CD7C49-910B-462C-8766-548ABE8C1EC8}.Release|ARM.ActiveCfg = Release|Any CPU
		{02CD7C49-910B-462C-8766-548ABE8C1EC8}.Release|ARM.Build.0 = Release|Any CPU
		{02CD7C49-910B-462C-8766-548ABE8C1EC8}.Release|ARM.Deploy.0 = Release|Any CPU
		{02CD7C49-910B-462C-8766-548ABE8C1EC8}.Release|iPhone.ActiveCfg = Release|Any CPU
		{02CD7C49-910B-462C-8766-548ABE8C1EC8}.Release|iPhone.Build.0 = Release|Any CPU
		{02CD7C49-910B-462C-8766-548ABE8C1EC8}.Release|iPhone.Deploy.0 = Release|Any CPU
		{02CD7C49-910B-462C-8766-548ABE8C1EC8}.Release|iPhoneSimulator.ActiveCfg = Release|Any CPU
		{02CD7C49-910B-462C-8766-548ABE8C1EC8}.Release|iPhoneSimulator.Build.0 = Release|Any CPU
		{02CD7C49-910B-462C-8766-548ABE8C1EC8}.Release|iPhoneSimulator.Deploy.0 = Release|Any CPU
		{02CD7C49-910B-462C-8766-548ABE8C1EC8}.Release|x64.ActiveCfg = Release|Any CPU
		{02CD7C49-910B-462C-8766-548ABE8C1EC8}.Release|x64.Build.0 = Release|Any CPU
		{02CD7C49-910B-462C-8766-548ABE8C1EC8}.Release|x64.Deploy.0 = Release|Any CPU
		{02CD7C49-910B-462C-8766-548ABE8C1EC8}.Release|x86.ActiveCfg = Release|Any CPU
		{02CD7C49-910B-462C-8766-548ABE8C1EC8}.Release|x86.Build.0 = Release|Any CPU
		{02CD7C49-910B-462C-8766-548ABE8C1EC8}.Release|x86.Deploy.0 = Release|Any CPU
		{9C9BB331-D200-4545-9E3D-26B7095B0A7E}.Debug|Any CPU.ActiveCfg = Debug|iPhone
		{9C9BB331-D200-4545-9E3D-26B7095B0A7E}.Debug|Any CPU.Build.0 = Debug|iPhone
		{9C9BB331-D200-4545-9E3D-26B7095B0A7E}.Debug|Any CPU.Deploy.0 = Debug|iPhone
		{9C9BB331-D200-4545-9E3D-26B7095B0A7E}.Debug|ARM.ActiveCfg = Debug|iPhoneSimulator
		{9C9BB331-D200-4545-9E3D-26B7095B0A7E}.Debug|ARM.Build.0 = Debug|iPhoneSimulator
		{9C9BB331-D200-4545-9E3D-26B7095B0A7E}.Debug|ARM.Deploy.0 = Debug|iPhoneSimulator
		{9C9BB331-D200-4545-9E3D-26B7095B0A7E}.Debug|iPhone.ActiveCfg = Debug|iPhone
		{9C9BB331-D200-4545-9E3D-26B7095B0A7E}.Debug|iPhone.Build.0 = Debug|iPhone
		{9C9BB331-D200-4545-9E3D-26B7095B0A7E}.Debug|iPhone.Deploy.0 = Debug|iPhone
		{9C9BB331-D200-4545-9E3D-26B7095B0A7E}.Debug|iPhoneSimulator.ActiveCfg = Debug|iPhoneSimulator
		{9C9BB331-D200-4545-9E3D-26B7095B0A7E}.Debug|iPhoneSimulator.Build.0 = Debug|iPhoneSimulator
		{9C9BB331-D200-4545-9E3D-26B7095B0A7E}.Debug|iPhoneSimulator.Deploy.0 = Debug|iPhoneSimulator
		{9C9BB331-D200-4545-9E3D-26B7095B0A7E}.Debug|x64.ActiveCfg = Debug|iPhone
		{9C9BB331-D200-4545-9E3D-26B7095B0A7E}.Debug|x64.Build.0 = Debug|iPhone
		{9C9BB331-D200-4545-9E3D-26B7095B0A7E}.Debug|x64.Deploy.0 = Debug|iPhone
		{9C9BB331-D200-4545-9E3D-26B7095B0A7E}.Debug|x86.ActiveCfg = Debug|iPhone
		{9C9BB331-D200-4545-9E3D-26B7095B0A7E}.Debug|x86.Build.0 = Debug|iPhone
		{9C9BB331-D200-4545-9E3D-26B7095B0A7E}.Debug|x86.Deploy.0 = Debug|iPhone
		{9C9BB331-D200-4545-9E3D-26B7095B0A7E}.Release|Any CPU.ActiveCfg = Release|iPhone
		{9C9BB331-D200-4545-9E3D-26B7095B0A7E}.Release|Any CPU.Build.0 = Release|iPhone
		{9C9BB331-D200-4545-9E3D-26B7095B0A7E}.Release|Any CPU.Deploy.0 = Release|iPhone
		{9C9BB331-D200-4545-9E3D-26B7095B0A7E}.Release|ARM.ActiveCfg = Release|iPhone
		{9C9BB331-D200-4545-9E3D-26B7095B0A7E}.Release|ARM.Build.0 = Release|iPhone
		{9C9BB331-D200-4545-9E3D-26B7095B0A7E}.Release|ARM.Deploy.0 = Release|iPhone
		{9C9BB331-D200-4545-9E3D-26B7095B0A7E}.Release|iPhone.ActiveCfg = Release|iPhone
		{9C9BB331-D200-4545-9E3D-26B7095B0A7E}.Release|iPhone.Build.0 = Release|iPhone
		{9C9BB331-D200-4545-9E3D-26B7095B0A7E}.Release|iPhone.Deploy.0 = Release|iPhone
		{9C9BB331-D200-4545-9E3D-26B7095B0A7E}.Release|iPhoneSimulator.ActiveCfg = Release|iPhoneSimulator
		{9C9BB331-D200-4545-9E3D-26B7095B0A7E}.Release|iPhoneSimulator.Build.0 = Release|iPhoneSimulator
		{9C9BB331-D200-4545-9E3D-26B7095B0A7E}.Release|iPhoneSimulator.Deploy.0 = Release|iPhoneSimulator
		{9C9BB331-D200-4545-9E3D-26B7095B0A7E}.Release|x64.ActiveCfg = Release|iPhone
		{9C9BB331-D200-4545-9E3D-26B7095B0A7E}.Release|x64.Build.0 = Release|iPhone
		{9C9BB331-D200-4545-9E3D-26B7095B0A7E}.Release|x64.Deploy.0 = Release|iPhone
		{9C9BB331-D200-4545-9E3D-26B7095B0A7E}.Release|x86.ActiveCfg = Release|iPhone
		{9C9BB331-D200-4545-9E3D-26B7095B0A7E}.Release|x86.Build.0 = Release|iPhone
		{9C9BB331-D200-4545-9E3D-26B7095B0A7E}.Release|x86.Deploy.0 = Release|iPhone
		{5D3D19B2-67F0-4191-866D-7A54DE67C29F}.Debug|Any CPU.ActiveCfg = Debug|Any CPU
		{5D3D19B2-67F0-4191-866D-7A54DE67C29F}.Debug|Any CPU.Build.0 = Debug|Any CPU
		{5D3D19B2-67F0-4191-866D-7A54DE67C29F}.Debug|Any CPU.Deploy.0 = Debug|Any CPU
		{5D3D19B2-67F0-4191-866D-7A54DE67C29F}.Debug|ARM.ActiveCfg = Debug|Any CPU
		{5D3D19B2-67F0-4191-866D-7A54DE67C29F}.Debug|ARM.Build.0 = Debug|Any CPU
		{5D3D19B2-67F0-4191-866D-7A54DE67C29F}.Debug|ARM.Deploy.0 = Debug|Any CPU
		{5D3D19B2-67F0-4191-866D-7A54DE67C29F}.Debug|iPhone.ActiveCfg = Debug|Any CPU
		{5D3D19B2-67F0-4191-866D-7A54DE67C29F}.Debug|iPhone.Build.0 = Debug|Any CPU
		{5D3D19B2-67F0-4191-866D-7A54DE67C29F}.Debug|iPhone.Deploy.0 = Debug|Any CPU
		{5D3D19B2-67F0-4191-866D-7A54DE67C29F}.Debug|iPhoneSimulator.ActiveCfg = Debug|Any CPU
		{5D3D19B2-67F0-4191-866D-7A54DE67C29F}.Debug|iPhoneSimulator.Build.0 = Debug|Any CPU
		{5D3D19B2-67F0-4191-866D-7A54DE67C29F}.Debug|iPhoneSimulator.Deploy.0 = Debug|Any CPU
		{5D3D19B2-67F0-4191-866D-7A54DE67C29F}.Debug|x64.ActiveCfg = Debug|Any CPU
		{5D3D19B2-67F0-4191-866D-7A54DE67C29F}.Debug|x64.Build.0 = Debug|Any CPU
		{5D3D19B2-67F0-4191-866D-7A54DE67C29F}.Debug|x64.Deploy.0 = Debug|Any CPU
		{5D3D19B2-67F0-4191-866D-7A54DE67C29F}.Debug|x86.ActiveCfg = Debug|Any CPU
		{5D3D19B2-67F0-4191-866D-7A54DE67C29F}.Debug|x86.Build.0 = Debug|Any CPU
		{5D3D19B2-67F0-4191-866D-7A54DE67C29F}.Debug|x86.Deploy.0 = Debug|Any CPU
		{5D3D19B2-67F0-4191-866D-7A54DE67C29F}.Release|Any CPU.ActiveCfg = Release|Any CPU
		{5D3D19B2-67F0-4191-866D-7A54DE67C29F}.Release|Any CPU.Build.0 = Release|Any CPU
		{5D3D19B2-67F0-4191-866D-7A54DE67C29F}.Release|Any CPU.Deploy.0 = Release|Any CPU
		{5D3D19B2-67F0-4191-866D-7A54DE67C29F}.Release|ARM.ActiveCfg = Release|Any CPU
		{5D3D19B2-67F0-4191-866D-7A54DE67C29F}.Release|ARM.Build.0 = Release|Any CPU
		{5D3D19B2-67F0-4191-866D-7A54DE67C29F}.Release|ARM.Deploy.0 = Release|Any CPU
		{5D3D19B2-67F0-4191-866D-7A54DE67C29F}.Release|iPhone.ActiveCfg = Release|Any CPU
		{5D3D19B2-67F0-4191-866D-7A54DE67C29F}.Release|iPhone.Build.0 = Release|Any CPU
		{5D3D19B2-67F0-4191-866D-7A54DE67C29F}.Release|iPhone.Deploy.0 = Release|Any CPU
		{5D3D19B2-67F0-4191-866D-7A54DE67C29F}.Release|iPhoneSimulator.ActiveCfg = Release|Any CPU
		{5D3D19B2-67F0-4191-866D-7A54DE67C29F}.Release|iPhoneSimulator.Build.0 = Release|Any CPU
		{5D3D19B2-67F0-4191-866D-7A54DE67C29F}.Release|iPhoneSimulator.Deploy.0 = Release|Any CPU
		{5D3D19B2-67F0-4191-866D-7A54DE67C29F}.Release|x64.ActiveCfg = Release|Any CPU
		{5D3D19B2-67F0-4191-866D-7A54DE67C29F}.Release|x64.Build.0 = Release|Any CPU
		{5D3D19B2-67F0-4191-866D-7A54DE67C29F}.Release|x64.Deploy.0 = Release|Any CPU
		{5D3D19B2-67F0-4191-866D-7A54DE67C29F}.Release|x86.ActiveCfg = Release|Any CPU
		{5D3D19B2-67F0-4191-866D-7A54DE67C29F}.Release|x86.Build.0 = Release|Any CPU
		{5D3D19B2-67F0-4191-866D-7A54DE67C29F}.Release|x86.Deploy.0 = Release|Any CPU
	EndGlobalSection
	GlobalSection(SolutionProperties) = preSolution
		HideSolutionNode = FALSE
	EndGlobalSection
	GlobalSection(ExtensibilityGlobals) = postSolution
		SolutionGuid = {BF48B16E-7538-468C-BEF4-538519F13D11}
	EndGlobalSection
EndGlobal
