
Microsoft Visual Studio Solution File, Format Version 12.00
# Visual Studio 15
VisualStudioVersion = 15.0.28307.271
MinimumVisualStudioVersion = 10.0.40219.1
Project("{FAE04EC0-301F-11D3-BF4B-00C04F79EFBC}") = "TestWorkFlow", "TestWorkFlow\TestWorkFlow.csproj", "{955AE4E4-BF03-4A5D-ACD8-FFFA07222BBB}"
EndProject
Project("{FAE04EC0-301F-11D3-BF4B-00C04F79EFBC}") = "DinnerNowCookingWorkflowLibrary", "DinnerNowWorkflowLibrary\DinnerNowCookingWorkflowLibrary.csproj", "{CD5D159B-2647-48BC-81BA-FB2D839449D4}"
EndProject
Project("{FAE04EC0-301F-11D3-BF4B-00C04F79EFBC}") = "DinnerNowActivityLibrary", "DinnerNowActivityLibrary\DinnerNowActivityLibrary.csproj", "{D1F98B8B-A9DC-4BA5-B674-F432785EA4C6}"
EndProject
Global
	GlobalSection(SolutionConfigurationPlatforms) = preSolution
		Debug|Any CPU = Debug|Any CPU
		Release|Any CPU = Release|Any CPU
	EndGlobalSection
	GlobalSection(ProjectConfigurationPlatforms) = postSolution
		{955AE4E4-BF03-4A5D-ACD8-FFFA07222BBB}.Debug|Any CPU.ActiveCfg = Debug|Any CPU
		{955AE4E4-BF03-4A5D-ACD8-FFFA07222BBB}.Debug|Any CPU.Build.0 = Debug|Any CPU
		{955AE4E4-BF03-4A5D-ACD8-FFFA07222BBB}.Release|Any CPU.ActiveCfg = Release|Any CPU
		{955AE4E4-BF03-4A5D-ACD8-FFFA07222BBB}.Release|Any CPU.Build.0 = Release|Any CPU
		{CD5D159B-2647-48BC-81BA-FB2D839449D4}.Debug|Any CPU.ActiveCfg = Debug|Any CPU
		{CD5D159B-2647-48BC-81BA-FB2D839449D4}.Debug|Any CPU.Build.0 = Debug|Any CPU
		{CD5D159B-2647-48BC-81BA-FB2D839449D4}.Release|Any CPU.ActiveCfg = Release|Any CPU
		{CD5D159B-2647-48BC-81BA-FB2D839449D4}.Release|Any CPU.Build.0 = Release|Any CPU
		{D1F98B8B-A9DC-4BA5-B674-F432785EA4C6}.Debug|Any CPU.ActiveCfg = Debug|Any CPU
		{D1F98B8B-A9DC-4BA5-B674-F432785EA4C6}.Debug|Any CPU.Build.0 = Debug|Any CPU
		{D1F98B8B-A9DC-4BA5-B674-F432785EA4C6}.Release|Any CPU.ActiveCfg = Release|Any CPU
		{D1F98B8B-A9DC-4BA5-B674-F432785EA4C6}.Release|Any CPU.Build.0 = Release|Any CPU
	EndGlobalSection
	GlobalSection(SolutionProperties) = preSolution
		HideSolutionNode = FALSE
	EndGlobalSection
	GlobalSection(ExtensibilityGlobals) = postSolution
		SolutionGuid = {4499AC73-371B-40FA-BF61-8A327E88E184}
	EndGlobalSection
EndGlobal
