
Microsoft Visual Studio Solution File, Format Version 12.00
# Visual Studio Version 16
VisualStudioVersion = 16.0.29418.71
MinimumVisualStudioVersion = 10.0.40219.1
Project("{9A19103F-16F7-4668-BE54-9A1E7A4F7556}") = "BI", "BI\BI.csproj", "{7CF7BB20-EF79-4D78-AEA1-D8499806E71A}"
EndProject
Project("{9A19103F-16F7-4668-BE54-9A1E7A4F7556}") = "MyStudy", "MyStudy\MyStudy.csproj", "{B457C25B-47A8-41F1-BFBD-89381064B2A3}"
EndProject
Global
	GlobalSection(SolutionConfigurationPlatforms) = preSolution
		Debug|Any CPU = Debug|Any CPU
		Release|Any CPU = Release|Any CPU
	EndGlobalSection
	GlobalSection(ProjectConfigurationPlatforms) = postSolution
		{7CF7BB20-EF79-4D78-AEA1-D8499806E71A}.Debug|Any CPU.ActiveCfg = Debug|Any CPU
		{7CF7BB20-EF79-4D78-AEA1-D8499806E71A}.Debug|Any CPU.Build.0 = Debug|Any CPU
		{7CF7BB20-EF79-4D78-AEA1-D8499806E71A}.Release|Any CPU.ActiveCfg = Release|Any CPU
		{7CF7BB20-EF79-4D78-AEA1-D8499806E71A}.Release|Any CPU.Build.0 = Release|Any CPU
		{B457C25B-47A8-41F1-BFBD-89381064B2A3}.Debug|Any CPU.ActiveCfg = Debug|Any CPU
		{B457C25B-47A8-41F1-BFBD-89381064B2A3}.Debug|Any CPU.Build.0 = Debug|Any CPU
		{B457C25B-47A8-41F1-BFBD-89381064B2A3}.Release|Any CPU.ActiveCfg = Release|Any CPU
		{B457C25B-47A8-41F1-BFBD-89381064B2A3}.Release|Any CPU.Build.0 = Release|Any CPU
	EndGlobalSection
	GlobalSection(SolutionProperties) = preSolution
		HideSolutionNode = FALSE
	EndGlobalSection
	GlobalSection(ExtensibilityGlobals) = postSolution
		SolutionGuid = {CC077D63-DECA-4EE5-9DFC-BEA6EF985628}
	EndGlobalSection
EndGlobal
